
Microsoft Visual Studio Solution File, Format Version 12.00
# Visual Studio 15
VisualStudioVersion = 15.0.28307.902
MinimumVisualStudioVersion = 10.0.40219.1
Project("{FAE04EC0-301F-11D3-BF4B-00C04F79EFBC}") = "Grafika3D", "Grafika3D\Grafika3D.csproj", "{5DFCE224-8D6B-497A-A7F7-77E7DE175774}"
EndProject
Global
	GlobalSection(SolutionConfigurationPlatforms) = preSolution
		Debug|Any CPU = Debug|Any CPU
		Release|Any CPU = Release|Any CPU
	EndGlobalSection
	GlobalSection(ProjectConfigurationPlatforms) = postSolution
		{5DFCE224-8D6B-497A-A7F7-77E7DE175774}.Debug|Any CPU.ActiveCfg = Debug|Any CPU
		{5DFCE224-8D6B-497A-A7F7-77E7DE175774}.Debug|Any CPU.Build.0 = Debug|Any CPU
		{5DFCE224-8D6B-497A-A7F7-77E7DE175774}.Release|Any CPU.ActiveCfg = Release|Any CPU
		{5DFCE224-8D6B-497A-A7F7-77E7DE175774}.Release|Any CPU.Build.0 = Release|Any CPU
	EndGlobalSection
	GlobalSection(SolutionProperties) = preSolution
		HideSolutionNode = FALSE
	EndGlobalSection
	GlobalSection(ExtensibilityGlobals) = postSolution
		SolutionGuid = {6733EA28-251B-4BD2-A316-D4B3E9B1A4E7}
	EndGlobalSection
EndGlobal
